// !$*UTF8*$!
{
	archiveVersion = 1;
	classes = {
	};
	objectVersion = 48;
	objects = {

/* Begin PBXBuildFile section */
		0B273B5127A3240792EBC731 /* Pods_ArabicTimeAgoExampleTests.framework in Frameworks */ = {isa = PBXBuildFile; fileRef = B2B708C2A776C60369C35E87 /* Pods_ArabicTimeAgoExampleTests.framework */; };
		278A6C731FD5A5F4001CD6DC /* AppDelegate.swift in Sources */ = {isa = PBXBuildFile; fileRef = 278A6C721FD5A5F4001CD6DC /* AppDelegate.swift */; };
		278A6C751FD5A5F4001CD6DC /* ViewController.swift in Sources */ = {isa = PBXBuildFile; fileRef = 278A6C741FD5A5F4001CD6DC /* ViewController.swift */; };
		278A6C781FD5A5F4001CD6DC /* Main.storyboard in Resources */ = {isa = PBXBuildFile; fileRef = 278A6C761FD5A5F4001CD6DC /* Main.storyboard */; };
		278A6C7A1FD5A5F5001CD6DC /* Assets.xcassets in Resources */ = {isa = PBXBuildFile; fileRef = 278A6C791FD5A5F5001CD6DC /* Assets.xcassets */; };
		278A6C7D1FD5A5F5001CD6DC /* LaunchScreen.storyboard in Resources */ = {isa = PBXBuildFile; fileRef = 278A6C7B1FD5A5F5001CD6DC /* LaunchScreen.storyboard */; };
		278A6C881FD5A5F5001CD6DC /* ArabicTimeAgoExampleTests.swift in Sources */ = {isa = PBXBuildFile; fileRef = 278A6C871FD5A5F5001CD6DC /* ArabicTimeAgoExampleTests.swift */; };
		278A6C931FD5A5F5001CD6DC /* ArabicTimeAgoExampleUITests.swift in Sources */ = {isa = PBXBuildFile; fileRef = 278A6C921FD5A5F5001CD6DC /* ArabicTimeAgoExampleUITests.swift */; };
		4DBF622D75C92C304D275F95 /* Pods_ArabicTimeAgoExample.framework in Frameworks */ = {isa = PBXBuildFile; fileRef = 7C7C759318E19E51E0EA5885 /* Pods_ArabicTimeAgoExample.framework */; };
		A5B095BA7A0B5BE6C43CEF29 /* Pods_ArabicTimeAgoExampleUITests.framework in Frameworks */ = {isa = PBXBuildFile; fileRef = 60061B2457BF166E1263A718 /* Pods_ArabicTimeAgoExampleUITests.framework */; };
/* End PBXBuildFile section */

/* Begin PBXContainerItemProxy section */
		278A6C841FD5A5F5001CD6DC /* PBXContainerItemProxy */ = {
			isa = PBXContainerItemProxy;
			containerPortal = 278A6C671FD5A5F4001CD6DC /* Project object */;
			proxyType = 1;
			remoteGlobalIDString = 278A6C6E1FD5A5F4001CD6DC;
			remoteInfo = ArabicTimeAgoExample;
		};
		278A6C8F1FD5A5F5001CD6DC /* PBXContainerItemProxy */ = {
			isa = PBXContainerItemProxy;
			containerPortal = 278A6C671FD5A5F4001CD6DC /* Project object */;
			proxyType = 1;
			remoteGlobalIDString = 278A6C6E1FD5A5F4001CD6DC;
			remoteInfo = ArabicTimeAgoExample;
		};
/* End PBXContainerItemProxy section */

/* Begin PBXFileReference section */
		278A6C6F1FD5A5F4001CD6DC /* ArabicTimeAgoExample.app */ = {isa = PBXFileReference; explicitFileType = wrapper.application; includeInIndex = 0; path = ArabicTimeAgoExample.app; sourceTree = BUILT_PRODUCTS_DIR; };
		278A6C721FD5A5F4001CD6DC /* AppDelegate.swift */ = {isa = PBXFileReference; lastKnownFileType = sourcecode.swift; path = AppDelegate.swift; sourceTree = "<group>"; };
		278A6C741FD5A5F4001CD6DC /* ViewController.swift */ = {isa = PBXFileReference; lastKnownFileType = sourcecode.swift; path = ViewController.swift; sourceTree = "<group>"; };
		278A6C771FD5A5F4001CD6DC /* Base */ = {isa = PBXFileReference; lastKnownFileType = file.storyboard; name = Base; path = Base.lproj/Main.storyboard; sourceTree = "<group>"; };
		278A6C791FD5A5F5001CD6DC /* Assets.xcassets */ = {isa = PBXFileReference; lastKnownFileType = folder.assetcatalog; path = Assets.xcassets; sourceTree = "<group>"; };
		278A6C7C1FD5A5F5001CD6DC /* Base */ = {isa = PBXFileReference; lastKnownFileType = file.storyboard; name = Base; path = Base.lproj/LaunchScreen.storyboard; sourceTree = "<group>"; };
		278A6C7E1FD5A5F5001CD6DC /* Info.plist */ = {isa = PBXFileReference; lastKnownFileType = text.plist.xml; path = Info.plist; sourceTree = "<group>"; };
		278A6C831FD5A5F5001CD6DC /* ArabicTimeAgoExampleTests.xctest */ = {isa = PBXFileReference; explicitFileType = wrapper.cfbundle; includeInIndex = 0; path = ArabicTimeAgoExampleTests.xctest; sourceTree = BUILT_PRODUCTS_DIR; };
		278A6C871FD5A5F5001CD6DC /* ArabicTimeAgoExampleTests.swift */ = {isa = PBXFileReference; lastKnownFileType = sourcecode.swift; path = ArabicTimeAgoExampleTests.swift; sourceTree = "<group>"; };
		278A6C891FD5A5F5001CD6DC /* Info.plist */ = {isa = PBXFileReference; lastKnownFileType = text.plist.xml; path = Info.plist; sourceTree = "<group>"; };
		278A6C8E1FD5A5F5001CD6DC /* ArabicTimeAgoExampleUITests.xctest */ = {isa = PBXFileReference; explicitFileType = wrapper.cfbundle; includeInIndex = 0; path = ArabicTimeAgoExampleUITests.xctest; sourceTree = BUILT_PRODUCTS_DIR; };
		278A6C921FD5A5F5001CD6DC /* ArabicTimeAgoExampleUITests.swift */ = {isa = PBXFileReference; lastKnownFileType = sourcecode.swift; path = ArabicTimeAgoExampleUITests.swift; sourceTree = "<group>"; };
		278A6C941FD5A5F5001CD6DC /* Info.plist */ = {isa = PBXFileReference; lastKnownFileType = text.plist.xml; path = Info.plist; sourceTree = "<group>"; };
		4C19C459D0593FA80BE888F5 /* Pods-ArabicTimeAgoExample.debug.xcconfig */ = {isa = PBXFileReference; includeInIndex = 1; lastKnownFileType = text.xcconfig; name = "Pods-ArabicTimeAgoExample.debug.xcconfig"; path = "Pods/Target Support Files/Pods-ArabicTimeAgoExample/Pods-ArabicTimeAgoExample.debug.xcconfig"; sourceTree = "<group>"; };
		60061B2457BF166E1263A718 /* Pods_ArabicTimeAgoExampleUITests.framework */ = {isa = PBXFileReference; explicitFileType = wrapper.framework; includeInIndex = 0; path = Pods_ArabicTimeAgoExampleUITests.framework; sourceTree = BUILT_PRODUCTS_DIR; };
		7C7C759318E19E51E0EA5885 /* Pods_ArabicTimeAgoExample.framework */ = {isa = PBXFileReference; explicitFileType = wrapper.framework; includeInIndex = 0; path = Pods_ArabicTimeAgoExample.framework; sourceTree = BUILT_PRODUCTS_DIR; };
		8409265E5EDC473ED7E2FC72 /* Pods-ArabicTimeAgoExample.release.xcconfig */ = {isa = PBXFileReference; includeInIndex = 1; lastKnownFileType = text.xcconfig; name = "Pods-ArabicTimeAgoExample.release.xcconfig"; path = "Pods/Target Support Files/Pods-ArabicTimeAgoExample/Pods-ArabicTimeAgoExample.release.xcconfig"; sourceTree = "<group>"; };
		B2B708C2A776C60369C35E87 /* Pods_ArabicTimeAgoExampleTests.framework */ = {isa = PBXFileReference; explicitFileType = wrapper.framework; includeInIndex = 0; path = Pods_ArabicTimeAgoExampleTests.framework; sourceTree = BUILT_PRODUCTS_DIR; };
		C9B1AB855EC3175E4B4D365F /* Pods-ArabicTimeAgoExampleTests.debug.xcconfig */ = {isa = PBXFileReference; includeInIndex = 1; lastKnownFileType = text.xcconfig; name = "Pods-ArabicTimeAgoExampleTests.debug.xcconfig"; path = "Pods/Target Support Files/Pods-ArabicTimeAgoExampleTests/Pods-ArabicTimeAgoExampleTests.debug.xcconfig"; sourceTree = "<group>"; };
		D8DEEE4C4C2AE656B06430AF /* Pods-ArabicTimeAgoExampleUITests.debug.xcconfig */ = {isa = PBXFileReference; includeInIndex = 1; lastKnownFileType = text.xcconfig; name = "Pods-ArabicTimeAgoExampleUITests.debug.xcconfig"; path = "Pods/Target Support Files/Pods-ArabicTimeAgoExampleUITests/Pods-ArabicTimeAgoExampleUITests.debug.xcconfig"; sourceTree = "<group>"; };
		DDBCD9CB25AF5603B92C7D3E /* Pods-ArabicTimeAgoExampleTests.release.xcconfig */ = {isa = PBXFileReference; includeInIndex = 1; lastKnownFileType = text.xcconfig; name = "Pods-ArabicTimeAgoExampleTests.release.xcconfig"; path = "Pods/Target Support Files/Pods-ArabicTimeAgoExampleTests/Pods-ArabicTimeAgoExampleTests.release.xcconfig"; sourceTree = "<group>"; };
		E6C3DC330C317FC019BA367E /* Pods-ArabicTimeAgoExampleUITests.release.xcconfig */ = {isa = PBXFileReference; includeInIndex = 1; lastKnownFileType = text.xcconfig; name = "Pods-ArabicTimeAgoExampleUITests.release.xcconfig"; path = "Pods/Target Support Files/Pods-ArabicTimeAgoExampleUITests/Pods-ArabicTimeAgoExampleUITests.release.xcconfig"; sourceTree = "<group>"; };
/* End PBXFileReference section */

/* Begin PBXFrameworksBuildPhase section */
		278A6C6C1FD5A5F4001CD6DC /* Frameworks */ = {
			isa = PBXFrameworksBuildPhase;
			buildActionMask = 2147483647;
			files = (
				4DBF622D75C92C304D275F95 /* Pods_ArabicTimeAgoExample.framework in Frameworks */,
			);
			runOnlyForDeploymentPostprocessing = 0;
		};
		278A6C801FD5A5F5001CD6DC /* Frameworks */ = {
			isa = PBXFrameworksBuildPhase;
			buildActionMask = 2147483647;
			files = (
				0B273B5127A3240792EBC731 /* Pods_ArabicTimeAgoExampleTests.framework in Frameworks */,
			);
			runOnlyForDeploymentPostprocessing = 0;
		};
		278A6C8B1FD5A5F5001CD6DC /* Frameworks */ = {
			isa = PBXFrameworksBuildPhase;
			buildActionMask = 2147483647;
			files = (
				A5B095BA7A0B5BE6C43CEF29 /* Pods_ArabicTimeAgoExampleUITests.framework in Frameworks */,
			);
			runOnlyForDeploymentPostprocessing = 0;
		};
/* End PBXFrameworksBuildPhase section */

/* Begin PBXGroup section */
		056DEB6CB542140B12D9361F /* Pods */ = {
			isa = PBXGroup;
			children = (
				4C19C459D0593FA80BE888F5 /* Pods-ArabicTimeAgoExample.debug.xcconfig */,
				8409265E5EDC473ED7E2FC72 /* Pods-ArabicTimeAgoExample.release.xcconfig */,
				C9B1AB855EC3175E4B4D365F /* Pods-ArabicTimeAgoExampleTests.debug.xcconfig */,
				DDBCD9CB25AF5603B92C7D3E /* Pods-ArabicTimeAgoExampleTests.release.xcconfig */,
				D8DEEE4C4C2AE656B06430AF /* Pods-ArabicTimeAgoExampleUITests.debug.xcconfig */,
				E6C3DC330C317FC019BA367E /* Pods-ArabicTimeAgoExampleUITests.release.xcconfig */,
			);
			name = Pods;
			sourceTree = "<group>";
		};
		278A6C661FD5A5F4001CD6DC = {
			isa = PBXGroup;
			children = (
				278A6C711FD5A5F4001CD6DC /* ArabicTimeAgoExample */,
				278A6C861FD5A5F5001CD6DC /* ArabicTimeAgoExampleTests */,
				278A6C911FD5A5F5001CD6DC /* ArabicTimeAgoExampleUITests */,
				278A6C701FD5A5F4001CD6DC /* Products */,
				056DEB6CB542140B12D9361F /* Pods */,
				6815C1F113CBBA3C67046253 /* Frameworks */,
			);
			sourceTree = "<group>";
		};
		278A6C701FD5A5F4001CD6DC /* Products */ = {
			isa = PBXGroup;
			children = (
				278A6C6F1FD5A5F4001CD6DC /* ArabicTimeAgoExample.app */,
				278A6C831FD5A5F5001CD6DC /* ArabicTimeAgoExampleTests.xctest */,
				278A6C8E1FD5A5F5001CD6DC /* ArabicTimeAgoExampleUITests.xctest */,
			);
			name = Products;
			sourceTree = "<group>";
		};
		278A6C711FD5A5F4001CD6DC /* ArabicTimeAgoExample */ = {
			isa = PBXGroup;
			children = (
				278A6C721FD5A5F4001CD6DC /* AppDelegate.swift */,
				278A6C741FD5A5F4001CD6DC /* ViewController.swift */,
				278A6C761FD5A5F4001CD6DC /* Main.storyboard */,
				278A6C791FD5A5F5001CD6DC /* Assets.xcassets */,
				278A6C7B1FD5A5F5001CD6DC /* LaunchScreen.storyboard */,
				278A6C7E1FD5A5F5001CD6DC /* Info.plist */,
			);
			path = ArabicTimeAgoExample;
			sourceTree = "<group>";
		};
		278A6C861FD5A5F5001CD6DC /* ArabicTimeAgoExampleTests */ = {
			isa = PBXGroup;
			children = (
				278A6C871FD5A5F5001CD6DC /* ArabicTimeAgoExampleTests.swift */,
				278A6C891FD5A5F5001CD6DC /* Info.plist */,
			);
			path = ArabicTimeAgoExampleTests;
			sourceTree = "<group>";
		};
		278A6C911FD5A5F5001CD6DC /* ArabicTimeAgoExampleUITests */ = {
			isa = PBXGroup;
			children = (
				278A6C921FD5A5F5001CD6DC /* ArabicTimeAgoExampleUITests.swift */,
				278A6C941FD5A5F5001CD6DC /* Info.plist */,
			);
			path = ArabicTimeAgoExampleUITests;
			sourceTree = "<group>";
		};
		6815C1F113CBBA3C67046253 /* Frameworks */ = {
			isa = PBXGroup;
			children = (
				7C7C759318E19E51E0EA5885 /* Pods_ArabicTimeAgoExample.framework */,
				B2B708C2A776C60369C35E87 /* Pods_ArabicTimeAgoExampleTests.framework */,
				60061B2457BF166E1263A718 /* Pods_ArabicTimeAgoExampleUITests.framework */,
			);
			name = Frameworks;
			sourceTree = "<group>";
		};
/* End PBXGroup section */

/* Begin PBXNativeTarget section */
		278A6C6E1FD5A5F4001CD6DC /* ArabicTimeAgoExample */ = {
			isa = PBXNativeTarget;
			buildConfigurationList = 278A6C971FD5A5F5001CD6DC /* Build configuration list for PBXNativeTarget "ArabicTimeAgoExample" */;
			buildPhases = (
				8651668158B76CDB1762BEA0 /* [CP] Check Pods Manifest.lock */,
				278A6C6B1FD5A5F4001CD6DC /* Sources */,
				278A6C6C1FD5A5F4001CD6DC /* Frameworks */,
				278A6C6D1FD5A5F4001CD6DC /* Resources */,
				F802F6C6A8A515EAC242D17F /* [CP] Embed Pods Frameworks */,
				EC7E412801B45AB629BB2588 /* [CP] Copy Pods Resources */,
			);
			buildRules = (
			);
			dependencies = (
			);
			name = ArabicTimeAgoExample;
			productName = ArabicTimeAgoExample;
			productReference = 278A6C6F1FD5A5F4001CD6DC /* ArabicTimeAgoExample.app */;
			productType = "com.apple.product-type.application";
		};
		278A6C821FD5A5F5001CD6DC /* ArabicTimeAgoExampleTests */ = {
			isa = PBXNativeTarget;
			buildConfigurationList = 278A6C9A1FD5A5F5001CD6DC /* Build configuration list for PBXNativeTarget "ArabicTimeAgoExampleTests" */;
			buildPhases = (
				CE03BF758F319332BAC56EFB /* [CP] Check Pods Manifest.lock */,
				278A6C7F1FD5A5F5001CD6DC /* Sources */,
				278A6C801FD5A5F5001CD6DC /* Frameworks */,
				278A6C811FD5A5F5001CD6DC /* Resources */,
				F2284FC64DC0606DEF171FEA /* [CP] Embed Pods Frameworks */,
				DB9E1CC5F1BF8F65CD71E087 /* [CP] Copy Pods Resources */,
			);
			buildRules = (
			);
			dependencies = (
				278A6C851FD5A5F5001CD6DC /* PBXTargetDependency */,
			);
			name = ArabicTimeAgoExampleTests;
			productName = ArabicTimeAgoExampleTests;
			productReference = 278A6C831FD5A5F5001CD6DC /* ArabicTimeAgoExampleTests.xctest */;
			productType = "com.apple.product-type.bundle.unit-test";
		};
		278A6C8D1FD5A5F5001CD6DC /* ArabicTimeAgoExampleUITests */ = {
			isa = PBXNativeTarget;
			buildConfigurationList = 278A6C9D1FD5A5F5001CD6DC /* Build configuration list for PBXNativeTarget "ArabicTimeAgoExampleUITests" */;
			buildPhases = (
				0B4E870219034FB88C78F94F /* [CP] Check Pods Manifest.lock */,
				278A6C8A1FD5A5F5001CD6DC /* Sources */,
				278A6C8B1FD5A5F5001CD6DC /* Frameworks */,
				278A6C8C1FD5A5F5001CD6DC /* Resources */,
				B6E11D1CA6F8E00F8FFE2545 /* [CP] Embed Pods Frameworks */,
				C541787C9ED3F5027F04AB38 /* [CP] Copy Pods Resources */,
			);
			buildRules = (
			);
			dependencies = (
				278A6C901FD5A5F5001CD6DC /* PBXTargetDependency */,
			);
			name = ArabicTimeAgoExampleUITests;
			productName = ArabicTimeAgoExampleUITests;
			productReference = 278A6C8E1FD5A5F5001CD6DC /* ArabicTimeAgoExampleUITests.xctest */;
			productType = "com.apple.product-type.bundle.ui-testing";
		};
/* End PBXNativeTarget section */

/* Begin PBXProject section */
		278A6C671FD5A5F4001CD6DC /* Project object */ = {
			isa = PBXProject;
			attributes = {
				LastSwiftUpdateCheck = 0910;
				LastUpgradeCheck = 0910;
				ORGANIZATIONNAME = Fomalhaut.io;
				TargetAttributes = {
					278A6C6E1FD5A5F4001CD6DC = {
						CreatedOnToolsVersion = 9.1;
						ProvisioningStyle = Automatic;
					};
					278A6C821FD5A5F5001CD6DC = {
						CreatedOnToolsVersion = 9.1;
						ProvisioningStyle = Automatic;
						TestTargetID = 278A6C6E1FD5A5F4001CD6DC;
					};
					278A6C8D1FD5A5F5001CD6DC = {
						CreatedOnToolsVersion = 9.1;
						ProvisioningStyle = Automatic;
						TestTargetID = 278A6C6E1FD5A5F4001CD6DC;
					};
				};
			};
			buildConfigurationList = 278A6C6A1FD5A5F4001CD6DC /* Build configuration list for PBXProject "ArabicTimeAgoExample" */;
			compatibilityVersion = "Xcode 8.0";
			developmentRegion = en;
			hasScannedForEncodings = 0;
			knownRegions = (
				en,
				Base,
			);
			mainGroup = 278A6C661FD5A5F4001CD6DC;
			productRefGroup = 278A6C701FD5A5F4001CD6DC /* Products */;
			projectDirPath = "";
			projectRoot = "";
			targets = (
				278A6C6E1FD5A5F4001CD6DC /* ArabicTimeAgoExample */,
				278A6C821FD5A5F5001CD6DC /* ArabicTimeAgoExampleTests */,
				278A6C8D1FD5A5F5001CD6DC /* ArabicTimeAgoExampleUITests */,
			);
		};
/* End PBXProject section */

/* Begin PBXResourcesBuildPhase section */
		278A6C6D1FD5A5F4001CD6DC /* Resources */ = {
			isa = PBXResourcesBuildPhase;
			buildActionMask = 2147483647;
			files = (
				278A6C7D1FD5A5F5001CD6DC /* LaunchScreen.storyboard in Resources */,
				278A6C7A1FD5A5F5001CD6DC /* Assets.xcassets in Resources */,
				278A6C781FD5A5F4001CD6DC /* Main.storyboard in Resources */,
			);
			runOnlyForDeploymentPostprocessing = 0;
		};
		278A6C811FD5A5F5001CD6DC /* Resources */ = {
			isa = PBXResourcesBuildPhase;
			buildActionMask = 2147483647;
			files = (
			);
			runOnlyForDeploymentPostprocessing = 0;
		};
		278A6C8C1FD5A5F5001CD6DC /* Resources */ = {
			isa = PBXResourcesBuildPhase;
			buildActionMask = 2147483647;
			files = (
			);
			runOnlyForDeploymentPostprocessing = 0;
		};
/* End PBXResourcesBuildPhase section */

/* Begin PBXShellScriptBuildPhase section */
		0B4E870219034FB88C78F94F /* [CP] Check Pods Manifest.lock */ = {
			isa = PBXShellScriptBuildPhase;
			buildActionMask = 2147483647;
			files = (
			);
			inputPaths = (
			);
			name = "[CP] Check Pods Manifest.lock";
			outputPaths = (
			);
			runOnlyForDeploymentPostprocessing = 0;
			shellPath = /bin/sh;
			shellScript = "diff \"${PODS_ROOT}/../Podfile.lock\" \"${PODS_ROOT}/Manifest.lock\" > /dev/null\nif [ $? != 0 ] ; then\n    # print error to STDERR\n    echo \"error: The sandbox is not in sync with the Podfile.lock. Run 'pod install' or update your CocoaPods installation.\" >&2\n    exit 1\nfi\n";
			showEnvVarsInLog = 0;
		};
		8651668158B76CDB1762BEA0 /* [CP] Check Pods Manifest.lock */ = {
			isa = PBXShellScriptBuildPhase;
			buildActionMask = 2147483647;
			files = (
			);
			inputPaths = (
			);
			name = "[CP] Check Pods Manifest.lock";
			outputPaths = (
			);
			runOnlyForDeploymentPostprocessing = 0;
			shellPath = /bin/sh;
			shellScript = "diff \"${PODS_ROOT}/../Podfile.lock\" \"${PODS_ROOT}/Manifest.lock\" > /dev/null\nif [ $? != 0 ] ; then\n    # print error to STDERR\n    echo \"error: The sandbox is not in sync with the Podfile.lock. Run 'pod install' or update your CocoaPods installation.\" >&2\n    exit 1\nfi\n";
			showEnvVarsInLog = 0;
		};
		B6E11D1CA6F8E00F8FFE2545 /* [CP] Embed Pods Frameworks */ = {
			isa = PBXShellScriptBuildPhase;
			buildActionMask = 2147483647;
			files = (
			);
			inputPaths = (
			);
			name = "[CP] Embed Pods Frameworks";
			outputPaths = (
			);
			runOnlyForDeploymentPostprocessing = 0;
			shellPath = /bin/sh;
			shellScript = "\"${SRCROOT}/Pods/Target Support Files/Pods-ArabicTimeAgoExampleUITests/Pods-ArabicTimeAgoExampleUITests-frameworks.sh\"\n";
			showEnvVarsInLog = 0;
		};
		C541787C9ED3F5027F04AB38 /* [CP] Copy Pods Resources */ = {
			isa = PBXShellScriptBuildPhase;
			buildActionMask = 2147483647;
			files = (
			);
			inputPaths = (
			);
			name = "[CP] Copy Pods Resources";
			outputPaths = (
			);
			runOnlyForDeploymentPostprocessing = 0;
			shellPath = /bin/sh;
			shellScript = "\"${SRCROOT}/Pods/Target Support Files/Pods-ArabicTimeAgoExampleUITests/Pods-ArabicTimeAgoExampleUITests-resources.sh\"\n";
			showEnvVarsInLog = 0;
		};
		CE03BF758F319332BAC56EFB /* [CP] Check Pods Manifest.lock */ = {
			isa = PBXShellScriptBuildPhase;
			buildActionMask = 2147483647;
			files = (
			);
			inputPaths = (
			);
			name = "[CP] Check Pods Manifest.lock";
			outputPaths = (
			);
			runOnlyForDeploymentPostprocessing = 0;
			shellPath = /bin/sh;
			shellScript = "diff \"${PODS_ROOT}/../Podfile.lock\" \"${PODS_ROOT}/Manifest.lock\" > /dev/null\nif [ $? != 0 ] ; then\n    # print error to STDERR\n    echo \"error: The sandbox is not in sync with the Podfile.lock. Run 'pod install' or update your CocoaPods installation.\" >&2\n    exit 1\nfi\n";
			showEnvVarsInLog = 0;
		};
		DB9E1CC5F1BF8F65CD71E087 /* [CP] Copy Pods Resources */ = {
			isa = PBXShellScriptBuildPhase;
			buildActionMask = 2147483647;
			files = (
			);
			inputPaths = (
			);
			name = "[CP] Copy Pods Resources";
			outputPaths = (
			);
			runOnlyForDeploymentPostprocessing = 0;
			shellPath = /bin/sh;
			shellScript = "\"${SRCROOT}/Pods/Target Support Files/Pods-ArabicTimeAgoExampleTests/Pods-ArabicTimeAgoExampleTests-resources.sh\"\n";
			showEnvVarsInLog = 0;
		};
		EC7E412801B45AB629BB2588 /* [CP] Copy Pods Resources */ = {
			isa = PBXShellScriptBuildPhase;
			buildActionMask = 2147483647;
			files = (
			);
			inputPaths = (
			);
			name = "[CP] Copy Pods Resources";
			outputPaths = (
			);
			runOnlyForDeploymentPostprocessing = 0;
			shellPath = /bin/sh;
			shellScript = "\"${SRCROOT}/Pods/Target Support Files/Pods-ArabicTimeAgoExample/Pods-ArabicTimeAgoExample-resources.sh\"\n";
			showEnvVarsInLog = 0;
		};
		F2284FC64DC0606DEF171FEA /* [CP] Embed Pods Frameworks */ = {
			isa = PBXShellScriptBuildPhase;
			buildActionMask = 2147483647;
			files = (
			);
			inputPaths = (
			);
			name = "[CP] Embed Pods Frameworks";
			outputPaths = (
			);
			runOnlyForDeploymentPostprocessing = 0;
			shellPath = /bin/sh;
			shellScript = "\"${SRCROOT}/Pods/Target Support Files/Pods-ArabicTimeAgoExampleTests/Pods-ArabicTimeAgoExampleTests-frameworks.sh\"\n";
			showEnvVarsInLog = 0;
		};
		F802F6C6A8A515EAC242D17F /* [CP] Embed Pods Frameworks */ = {
			isa = PBXShellScriptBuildPhase;
			buildActionMask = 2147483647;
			files = (
			);
			inputPaths = (
			);
			name = "[CP] Embed Pods Frameworks";
			outputPaths = (
			);
			runOnlyForDeploymentPostprocessing = 0;
			shellPath = /bin/sh;
			shellScript = "\"${SRCROOT}/Pods/Target Support Files/Pods-ArabicTimeAgoExample/Pods-ArabicTimeAgoExample-frameworks.sh\"\n";
			showEnvVarsInLog = 0;
		};
/* End PBXShellScriptBuildPhase section */

/* Begin PBXSourcesBuildPhase section */
		278A6C6B1FD5A5F4001CD6DC /* Sources */ = {
			isa = PBXSourcesBuildPhase;
			buildActionMask = 2147483647;
			files = (
				278A6C751FD5A5F4001CD6DC /* ViewController.swift in Sources */,
				278A6C731FD5A5F4001CD6DC /* AppDelegate.swift in Sources */,
			);
			runOnlyForDeploymentPostprocessing = 0;
		};
		278A6C7F1FD5A5F5001CD6DC /* Sources */ = {
			isa = PBXSourcesBuildPhase;
			buildActionMask = 2147483647;
			files = (
				278A6C881FD5A5F5001CD6DC /* ArabicTimeAgoExampleTests.swift in Sources */,
			);
			runOnlyForDeploymentPostprocessing = 0;
		};
		278A6C8A1FD5A5F5001CD6DC /* Sources */ = {
			isa = PBXSourcesBuildPhase;
			buildActionMask = 2147483647;
			files = (
				278A6C931FD5A5F5001CD6DC /* ArabicTimeAgoExampleUITests.swift in Sources */,
			);
			runOnlyForDeploymentPostprocessing = 0;
		};
/* End PBXSourcesBuildPhase section */

/* Begin PBXTargetDependency section */
		278A6C851FD5A5F5001CD6DC /* PBXTargetDependency */ = {
			isa = PBXTargetDependency;
			target = 278A6C6E1FD5A5F4001CD6DC /* ArabicTimeAgoExample */;
			targetProxy = 278A6C841FD5A5F5001CD6DC /* PBXContainerItemProxy */;
		};
		278A6C901FD5A5F5001CD6DC /* PBXTargetDependency */ = {
			isa = PBXTargetDependency;
			target = 278A6C6E1FD5A5F4001CD6DC /* ArabicTimeAgoExample */;
			targetProxy = 278A6C8F1FD5A5F5001CD6DC /* PBXContainerItemProxy */;
		};
/* End PBXTargetDependency section */

/* Begin PBXVariantGroup section */
		278A6C761FD5A5F4001CD6DC /* Main.storyboard */ = {
			isa = PBXVariantGroup;
			children = (
				278A6C771FD5A5F4001CD6DC /* Base */,
			);
			name = Main.storyboard;
			sourceTree = "<group>";
		};
		278A6C7B1FD5A5F5001CD6DC /* LaunchScreen.storyboard */ = {
			isa = PBXVariantGroup;
			children = (
				278A6C7C1FD5A5F5001CD6DC /* Base */,
			);
			name = LaunchScreen.storyboard;
			sourceTree = "<group>";
		};
/* End PBXVariantGroup section */

/* Begin XCBuildConfiguration section */
		278A6C951FD5A5F5001CD6DC /* Debug */ = {
			isa = XCBuildConfiguration;
			buildSettings = {
				ALWAYS_SEARCH_USER_PATHS = NO;
				CLANG_ANALYZER_NONNULL = YES;
				CLANG_ANALYZER_NUMBER_OBJECT_CONVERSION = YES_AGGRESSIVE;
				CLANG_CXX_LANGUAGE_STANDARD = "gnu++14";
				CLANG_CXX_LIBRARY = "libc++";
				CLANG_ENABLE_MODULES = YES;
				CLANG_ENABLE_OBJC_ARC = YES;
				CLANG_WARN_BLOCK_CAPTURE_AUTORELEASING = YES;
				CLANG_WARN_BOOL_CONVERSION = YES;
				CLANG_WARN_COMMA = YES;
				CLANG_WARN_CONSTANT_CONVERSION = YES;
				CLANG_WARN_DIRECT_OBJC_ISA_USAGE = YES_ERROR;
				CLANG_WARN_DOCUMENTATION_COMMENTS = YES;
				CLANG_WARN_EMPTY_BODY = YES;
				CLANG_WARN_ENUM_CONVERSION = YES;
				CLANG_WARN_INFINITE_RECURSION = YES;
				CLANG_WARN_INT_CONVERSION = YES;
				CLANG_WARN_NON_LITERAL_NULL_CONVERSION = YES;
				CLANG_WARN_OBJC_LITERAL_CONVERSION = YES;
				CLANG_WARN_OBJC_ROOT_CLASS = YES_ERROR;
				CLANG_WARN_RANGE_LOOP_ANALYSIS = YES;
				CLANG_WARN_STRICT_PROTOTYPES = YES;
				CLANG_WARN_SUSPICIOUS_MOVE = YES;
				CLANG_WARN_UNGUARDED_AVAILABILITY = YES_AGGRESSIVE;
				CLANG_WARN_UNREACHABLE_CODE = YES;
				CLANG_WARN__DUPLICATE_METHOD_MATCH = YES;
				CODE_SIGN_IDENTITY = "iPhone Developer";
				COPY_PHASE_STRIP = NO;
				DEBUG_INFORMATION_FORMAT = dwarf;
				ENABLE_STRICT_OBJC_MSGSEND = YES;
				ENABLE_TESTABILITY = YES;
				GCC_C_LANGUAGE_STANDARD = gnu11;
				GCC_DYNAMIC_NO_PIC = NO;
				GCC_NO_COMMON_BLOCKS = YES;
				GCC_OPTIMIZATION_LEVEL = 0;
				GCC_PREPROCESSOR_DEFINITIONS = (
					"DEBUG=1",
					"$(inherited)",
				);
				GCC_WARN_64_TO_32_BIT_CONVERSION = YES;
				GCC_WARN_ABOUT_RETURN_TYPE = YES_ERROR;
				GCC_WARN_UNDECLARED_SELECTOR = YES;
				GCC_WARN_UNINITIALIZED_AUTOS = YES_AGGRESSIVE;
				GCC_WARN_UNUSED_FUNCTION = YES;
				GCC_WARN_UNUSED_VARIABLE = YES;
				IPHONEOS_DEPLOYMENT_TARGET = 11.1;
				MTL_ENABLE_DEBUG_INFO = YES;
				ONLY_ACTIVE_ARCH = YES;
				SDKROOT = iphoneos;
				SWIFT_ACTIVE_COMPILATION_CONDITIONS = DEBUG;
				SWIFT_OPTIMIZATION_LEVEL = "-Onone";
			};
			name = Debug;
		};
		278A6C961FD5A5F5001CD6DC /* Release */ = {
			isa = XCBuildConfiguration;
			buildSettings = {
				ALWAYS_SEARCH_USER_PATHS = NO;
				CLANG_ANALYZER_NONNULL = YES;
				CLANG_ANALYZER_NUMBER_OBJECT_CONVERSION = YES_AGGRESSIVE;
				CLANG_CXX_LANGUAGE_STANDARD = "gnu++14";
				CLANG_CXX_LIBRARY = "libc++";
				CLANG_ENABLE_MODULES = YES;
				CLANG_ENABLE_OBJC_ARC = YES;
				CLANG_WARN_BLOCK_CAPTURE_AUTORELEASING = YES;
				CLANG_WARN_BOOL_CONVERSION = YES;
				CLANG_WARN_COMMA = YES;
				CLANG_WARN_CONSTANT_CONVERSION = YES;
				CLANG_WARN_DIRECT_OBJC_ISA_USAGE = YES_ERROR;
				CLANG_WARN_DOCUMENTATION_COMMENTS = YES;
				CLANG_WARN_EMPTY_BODY = YES;
				CLANG_WARN_ENUM_CONVERSION = YES;
				CLANG_WARN_INFINITE_RECURSION = YES;
				CLANG_WARN_INT_CONVERSION = YES;
				CLANG_WARN_NON_LITERAL_NULL_CONVERSION = YES;
				CLANG_WARN_OBJC_LITERAL_CONVERSION = YES;
				CLANG_WARN_OBJC_ROOT_CLASS = YES_ERROR;
				CLANG_WARN_RANGE_LOOP_ANALYSIS = YES;
				CLANG_WARN_STRICT_PROTOTYPES = YES;
				CLANG_WARN_SUSPICIOUS_MOVE = YES;
				CLANG_WARN_UNGUARDED_AVAILABILITY = YES_AGGRESSIVE;
				CLANG_WARN_UNREACHABLE_CODE = YES;
				CLANG_WARN__DUPLICATE_METHOD_MATCH = YES;
				CODE_SIGN_IDENTITY = "iPhone Developer";
				COPY_PHASE_STRIP = NO;
				DEBUG_INFORMATION_FORMAT = "dwarf-with-dsym";
				ENABLE_NS_ASSERTIONS = NO;
				ENABLE_STRICT_OBJC_MSGSEND = YES;
				GCC_C_LANGUAGE_STANDARD = gnu11;
				GCC_NO_COMMON_BLOCKS = YES;
				GCC_WARN_64_TO_32_BIT_CONVERSION = YES;
				GCC_WARN_ABOUT_RETURN_TYPE = YES_ERROR;
				GCC_WARN_UNDECLARED_SELECTOR = YES;
				GCC_WARN_UNINITIALIZED_AUTOS = YES_AGGRESSIVE;
				GCC_WARN_UNUSED_FUNCTION = YES;
				GCC_WARN_UNUSED_VARIABLE = YES;
				IPHONEOS_DEPLOYMENT_TARGET = 11.1;
				MTL_ENABLE_DEBUG_INFO = NO;
				SDKROOT = iphoneos;
				SWIFT_OPTIMIZATION_LEVEL = "-Owholemodule";
				VALIDATE_PRODUCT = YES;
			};
			name = Release;
		};
		278A6C981FD5A5F5001CD6DC /* Debug */ = {
			isa = XCBuildConfiguration;
			baseConfigurationReference = 4C19C459D0593FA80BE888F5 /* Pods-ArabicTimeAgoExample.debug.xcconfig */;
			buildSettings = {
				ASSETCATALOG_COMPILER_APPICON_NAME = AppIcon;
				CODE_SIGN_STYLE = Automatic;
				INFOPLIST_FILE = ArabicTimeAgoExample/Info.plist;
				LD_RUNPATH_SEARCH_PATHS = "$(inherited) @executable_path/Frameworks";
				PRODUCT_BUNDLE_IDENTIFIER = fomalhaut.ArabicTimeAgoExample;
				PRODUCT_NAME = "$(TARGET_NAME)";
				SWIFT_VERSION = 4.0;
				TARGETED_DEVICE_FAMILY = "1,2";
			};
			name = Debug;
		};
		278A6C991FD5A5F5001CD6DC /* Release */ = {
			isa = XCBuildConfiguration;
			baseConfigurationReference = 8409265E5EDC473ED7E2FC72 /* Pods-ArabicTimeAgoExample.release.xcconfig */;
			buildSettings = {
				ASSETCATALOG_COMPILER_APPICON_NAME = AppIcon;
				CODE_SIGN_STYLE = Automatic;
				INFOPLIST_FILE = ArabicTimeAgoExample/Info.plist;
				LD_RUNPATH_SEARCH_PATHS = "$(inherited) @executable_path/Frameworks";
				PRODUCT_BUNDLE_IDENTIFIER = fomalhaut.ArabicTimeAgoExample;
				PRODUCT_NAME = "$(TARGET_NAME)";
				SWIFT_VERSION = 4.0;
				TARGETED_DEVICE_FAMILY = "1,2";
			};
			name = Release;
		};
		278A6C9B1FD5A5F5001CD6DC /* Debug */ = {
			isa = XCBuildConfiguration;
			baseConfigurationReference = C9B1AB855EC3175E4B4D365F /* Pods-ArabicTimeAgoExampleTests.debug.xcconfig */;
			buildSettings = {
				ALWAYS_EMBED_SWIFT_STANDARD_LIBRARIES = YES;
				BUNDLE_LOADER = "$(TEST_HOST)";
				CODE_SIGN_STYLE = Automatic;
				INFOPLIST_FILE = ArabicTimeAgoExampleTests/Info.plist;
				LD_RUNPATH_SEARCH_PATHS = "$(inherited) @executable_path/Frameworks @loader_path/Frameworks";
				PRODUCT_BUNDLE_IDENTIFIER = fomalhaut.ArabicTimeAgoExampleTests;
				PRODUCT_NAME = "$(TARGET_NAME)";
				SWIFT_VERSION = 4.0;
				TARGETED_DEVICE_FAMILY = "1,2";
				TEST_HOST = "$(BUILT_PRODUCTS_DIR)/ArabicTimeAgoExample.app/ArabicTimeAgoExample";
			};
			name = Debug;
		};
		278A6C9C1FD5A5F5001CD6DC /* Release */ = {
			isa = XCBuildConfiguration;
			baseConfigurationReference = DDBCD9CB25AF5603B92C7D3E /* Pods-ArabicTimeAgoExampleTests.release.xcconfig */;
			buildSettings = {
				ALWAYS_EMBED_SWIFT_STANDARD_LIBRARIES = YES;
				BUNDLE_LOADER = "$(TEST_HOST)";
				CODE_SIGN_STYLE = Automatic;
				INFOPLIST_FILE = ArabicTimeAgoExampleTests/Info.plist;
				LD_RUNPATH_SEARCH_PATHS = "$(inherited) @executable_path/Frameworks @loader_path/Frameworks";
				PRODUCT_BUNDLE_IDENTIFIER = fomalhaut.ArabicTimeAgoExampleTests;
				PRODUCT_NAME = "$(TARGET_NAME)";
				SWIFT_VERSION = 4.0;
				TARGETED_DEVICE_FAMILY = "1,2";
				TEST_HOST = "$(BUILT_PRODUCTS_DIR)/ArabicTimeAgoExample.app/ArabicTimeAgoExample";
			};
			name = Release;
		};
		278A6C9E1FD5A5F5001CD6DC /* Debug */ = {
			isa = XCBuildConfiguration;
			baseConfigurationReference = D8DEEE4C4C2AE656B06430AF /* Pods-ArabicTimeAgoExampleUITests.debug.xcconfig */;
			buildSettings = {
				ALWAYS_EMBED_SWIFT_STANDARD_LIBRARIES = YES;
				CODE_SIGN_STYLE = Automatic;
				INFOPLIST_FILE = ArabicTimeAgoExampleUITests/Info.plist;
				LD_RUNPATH_SEARCH_PATHS = "$(inherited) @executable_path/Frameworks @loader_path/Frameworks";
				PRODUCT_BUNDLE_IDENTIFIER = fomalhaut.ArabicTimeAgoExampleUITests;
				PRODUCT_NAME = "$(TARGET_NAME)";
				SWIFT_VERSION = 4.0;
				TARGETED_DEVICE_FAMILY = "1,2";
				TEST_TARGET_NAME = ArabicTimeAgoExample;
			};
			name = Debug;
		};
		278A6C9F1FD5A5F5001CD6DC /* Release */ = {
			isa = XCBuildConfiguration;
			baseConfigurationReference = E6C3DC330C317FC019BA367E /* Pods-ArabicTimeAgoExampleUITests.release.xcconfig */;
			buildSettings = {
				ALWAYS_EMBED_SWIFT_STANDARD_LIBRARIES = YES;
				CODE_SIGN_STYLE = Automatic;
				INFOPLIST_FILE = ArabicTimeAgoExampleUITests/Info.plist;
				LD_RUNPATH_SEARCH_PATHS = "$(inherited) @executable_path/Frameworks @loader_path/Frameworks";
				PRODUCT_BUNDLE_IDENTIFIER = fomalhaut.ArabicTimeAgoExampleUITests;
				PRODUCT_NAME = "$(TARGET_NAME)";
				SWIFT_VERSION = 4.0;
				TARGETED_DEVICE_FAMILY = "1,2";
				TEST_TARGET_NAME = ArabicTimeAgoExample;
			};
			name = Release;
		};
/* End XCBuildConfiguration section */

/* Begin XCConfigurationList section */
		278A6C6A1FD5A5F4001CD6DC /* Build configuration list for PBXProject "ArabicTimeAgoExample" */ = {
			isa = XCConfigurationList;
			buildConfigurations = (
				278A6C951FD5A5F5001CD6DC /* Debug */,
				278A6C961FD5A5F5001CD6DC /* Release */,
			);
			defaultConfigurationIsVisible = 0;
			defaultConfigurationName = Release;
		};
		278A6C971FD5A5F5001CD6DC /* Build configuration list for PBXNativeTarget "ArabicTimeAgoExample" */ = {
			isa = XCConfigurationList;
			buildConfigurations = (
				278A6C981FD5A5F5001CD6DC /* Debug */,
				278A6C991FD5A5F5001CD6DC /* Release */,
			);
			defaultConfigurationIsVisible = 0;
			defaultConfigurationName = Release;
		};
		278A6C9A1FD5A5F5001CD6DC /* Build configuration list for PBXNativeTarget "ArabicTimeAgoExampleTests" */ = {
			isa = XCConfigurationList;
			buildConfigurations = (
				278A6C9B1FD5A5F5001CD6DC /* Debug */,
				278A6C9C1FD5A5F5001CD6DC /* Release */,
			);
			defaultConfigurationIsVisible = 0;
			defaultConfigurationName = Release;
		};
		278A6C9D1FD5A5F5001CD6DC /* Build configuration list for PBXNativeTarget "ArabicTimeAgoExampleUITests" */ = {
			isa = XCConfigurationList;
			buildConfigurations = (
				278A6C9E1FD5A5F5001CD6DC /* Debug */,
				278A6C9F1FD5A5F5001CD6DC /* Release */,
			);
			defaultConfigurationIsVisible = 0;
			defaultConfigurationName = Release;
		};
/* End XCConfigurationList section */
	};
	rootObject = 278A6C671FD5A5F4001CD6DC /* Project object */;
}
